dependencies:
- name: values-overwrite
  repository: file://../values-overwrite
  version: 0.0.1
- name: dependency-included-by-default
  repository: file://../dependency-included-by-default
  version: 0.0.1
- name: dependency-excluded-by-default
  repository: file://../dependency-excluded-by-default
  version: 0.0.1
digest: sha256:55706e25ada265313648f7c2592bbe58b35e699b50561e441c034752f67b3be1
generated: "2024-10-13T11:55:03.789466+02:00"
